{
  "lockfileVersion": 1,
  "configVersion": 1,
  "workspaces": {
    "": {
      "name": "shoalfi",
      "devDependencies": {
        "@foundry-rs/forge": "^1.7.1",
      },
    },
  },
  "packages": {
    "@foundry-rs/forge": ["@foundry-rs/forge@1.7.1", "", { "optionalDependencies": { "@foundry-rs/forge-darwin-amd64": "1.7.1", "@foundry-rs/forge-darwin-arm64": "1.7.1", "@foundry-rs/forge-linux-amd64": "1.7.1", "@foundry-rs/forge-linux-arm64": "1.7.1", "@foundry-rs/forge-win32-amd64": "1.7.1" }, "bin": { "forge": "bin.mjs" } }, "sha512-ji244KYCP15RTaHg/V3VpTarX+8Tl7qm54B8laVeabbUMKhsJI5QK28gh5fbTxndB7tdsnbliwdrx/FwAXzEoA=="],

    "@foundry-rs/forge-darwin-amd64": ["@foundry-rs/forge-darwin-amd64@1.7.1", "", { "os": "darwin", "cpu": "x64", "bin": { "forge": "bin/forge" } }, "sha512-0P18bZyXiCJ5YJMQ+FgOE3WToqt7qBp8eyeBWFAIHX79hwN8RWtvdBWJ6ZcYH14lWZVuN8oYi8Wkth/t3jAa8g=="],

    "@foundry-rs/forge-darwin-arm64": ["@foundry-rs/forge-darwin-arm64@1.7.1", "", { "os": "darwin", "cpu": "arm64", "bin": { "forge": "bin/forge" } }, "sha512-PwvdcKxniBoIic163Gw8t7rIOfE8ZfV2mCM2WOXnGdsUbCJRvkqCWq4qidkUORbibhfiRTyw3991hMFL8/qEfw=="],

    "@foundry-rs/forge-linux-amd64": ["@foundry-rs/forge-linux-amd64@1.7.1", "", { "os": "linux", "cpu": "x64", "bin": { "forge": "bin/forge" } }, "sha512-/HQddyTanVOJKgvilmZrf8VOf7mhvwrWb59W73w5W5flX7b6zNh9CR6hKZzJwiRRi5Sxk/JOFEYIeKsQx7Teqg=="],

    "@foundry-rs/forge-linux-arm64": ["@foundry-rs/forge-linux-arm64@1.7.1", "", { "os": "linux", "cpu": "arm64", "bin": { "forge": "bin/forge" } }, "sha512-jt+6H8AWHauP8kP+miMKJkMjC6UCHm6NRjO5D+5ca416o6iJGPURNs+Nlb0WWnb1gaCj7sXUZqpxH73Ub+YBWg=="],

    "@foundry-rs/forge-win32-amd64": ["@foundry-rs/forge-win32-amd64@1.7.1", "", { "os": "win32", "cpu": "x64", "bin": { "forge": "bin/forge.exe" } }, "sha512-WK+gWWlWYpgrsrKcle4hzV5k5TPoVE8acsnNnmckQhvcbcZBG2VukpkqFCJgOpPX1xuSYtskHTIhJbCx1w854w=="],
  }
}
